
Microsoft Visual Studio Solution File, Format Version 12.00
# Visual Studio Version 17
VisualStudioVersion = 17.4.33122.133
MinimumVisualStudioVersion = 10.0.40219.1
Project("{FAE04EC0-301F-11D3-BF4B-00C04F79EFBC}") = "Camera_New", "Camera_New\Camera_New.csproj", "{6F657165-AE4F-45B0-9892-9D2193732D9F}"
EndProject
Global
	GlobalSection(SolutionConfigurationPlatforms) = preSolution
		Debug|Any CPU = Debug|Any CPU
		Release|Any CPU = Release|Any CPU
	EndGlobalSection
	GlobalSection(ProjectConfigurationPlatforms) = postSolution
		{6F657165-AE4F-45B0-9892-9D2193732D9F}.Debug|Any CPU.ActiveCfg = Debug|Any CPU
		{6F657165-AE4F-45B0-9892-9D2193732D9F}.Debug|Any CPU.Build.0 = Debug|Any CPU
		{6F657165-AE4F-45B0-9892-9D2193732D9F}.Release|Any CPU.ActiveCfg = Release|Any CPU
		{6F657165-AE4F-45B0-9892-9D2193732D9F}.Release|Any CPU.Build.0 = Release|Any CPU
	EndGlobalSection
	GlobalSection(SolutionProperties) = preSolution
		HideSolutionNode = FALSE
	EndGlobalSection
	GlobalSection(ExtensibilityGlobals) = postSolution
		SolutionGuid = {0FEE287B-5AAC-4FCD-823A-604BCFF7699D}
	EndGlobalSection
EndGlobal
